
Microsoft Visual Studio Solution File, Format Version 12.00
# Visual Studio Version 16
VisualStudioVersion = 16.0.30711.63
MinimumVisualStudioVersion = 10.0.40219.1
Project("{8BC9CEB8-8B4A-11D0-8D11-00A0C91BC942}") = "Alg", "Alg\Alg.vcxproj", "{5E9B5949-F6C0-4A78-9B20-8E965FC58475}"
EndProject
Global
	GlobalSection(SolutionConfigurationPlatforms) = preSolution
		Debug|x64 = Debug|x64
		Release|x64 = Release|x64
	EndGlobalSection
	GlobalSection(ProjectConfigurationPlatforms) = postSolution
		{5E9B5949-F6C0-4A78-9B20-8E965FC58475}.Debug|x64.ActiveCfg = Debug|x64
		{5E9B5949-F6C0-4A78-9B20-8E965FC58475}.Debug|x64.Build.0 = Debug|x64
		{5E9B5949-F6C0-4A78-9B20-8E965FC58475}.Release|x64.ActiveCfg = Release|x64
		{5E9B5949-F6C0-4A78-9B20-8E965FC58475}.Release|x64.Build.0 = Release|x64
	EndGlobalSection
	GlobalSection(SolutionProperties) = preSolution
		HideSolutionNode = FALSE
	EndGlobalSection
	GlobalSection(ExtensibilityGlobals) = postSolution
		SolutionGuid = {1A22CF2D-09F7-4741-9418-ED7087F5FFC4}
	EndGlobalSection
EndGlobal
